
Microsoft Visual Studio Solution File, Format Version 12.00
# Visual Studio Version 17
VisualStudioVersion = 17.2.32602.215
MinimumVisualStudioVersion = 10.0.40219.1
Project("{FAE04EC0-301F-11D3-BF4B-00C04F79EFBC}") = "SchoolSystem.Models", "SchoolSystem.Models\SchoolSystem.Models.csproj", "{A70F32DF-A620-4E30-AC66-3EF67111483E}"
EndProject
Global
	GlobalSection(SolutionConfigurationPlatforms) = preSolution
		Debug|Any CPU = Debug|Any CPU
		Release|Any CPU = Release|Any CPU
	EndGlobalSection
	GlobalSection(ProjectConfigurationPlatforms) = postSolution
		{A70F32DF-A620-4E30-AC66-3EF67111483E}.Debug|Any CPU.ActiveCfg = Debug|Any CPU
		{A70F32DF-A620-4E30-AC66-3EF67111483E}.Debug|Any CPU.Build.0 = Debug|Any CPU
		{A70F32DF-A620-4E30-AC66-3EF67111483E}.Release|Any CPU.ActiveCfg = Release|Any CPU
		{A70F32DF-A620-4E30-AC66-3EF67111483E}.Release|Any CPU.Build.0 = Release|Any CPU
	EndGlobalSection
	GlobalSection(SolutionProperties) = preSolution
		HideSolutionNode = FALSE
	EndGlobalSection
	GlobalSection(ExtensibilityGlobals) = postSolution
		SolutionGuid = {4F6A5DCF-6CC3-45F4-8D87-862BD2E78C29}
	EndGlobalSection
EndGlobal
